// !$*UTF8*$!
{
	archiveVersion = 1;
	classes = {
	};
	objectVersion = 46;
	objects = {

/* Begin PBXBuildFile section */
		7E4B13431940149500E2A50B /* Foundation.framework in Frameworks */ = {isa = PBXBuildFile; fileRef = 7E4B13421940149500E2A50B /* Foundation.framework */; };
		7E4B13451940149500E2A50B /* CoreGraphics.framework in Frameworks */ = {isa = PBXBuildFile; fileRef = 7E4B13441940149500E2A50B /* CoreGraphics.framework */; };
		7E4B13471940149500E2A50B /* UIKit.framework in Frameworks */ = {isa = PBXBuildFile; fileRef = 7E4B13461940149500E2A50B /* UIKit.framework */; };
		7E4B134D1940149500E2A50B /* InfoPlist.strings in Resources */ = {isa = PBXBuildFile; fileRef = 7E4B134B1940149500E2A50B /* InfoPlist.strings */; };
		7E4B134F1940149500E2A50B /* main.m in Sources */ = {isa = PBXBuildFile; fileRef = 7E4B134E1940149500E2A50B /* main.m */; };
		7E4B13531940149500E2A50B /* FirstAppAppDelegate.m in Sources */ = {isa = PBXBuildFile; fileRef = 7E4B13521940149500E2A50B /* FirstAppAppDelegate.m */; };
		7E4B13551940149500E2A50B /* Images.xcassets in Resources */ = {isa = PBXBuildFile; fileRef = 7E4B13541940149500E2A50B /* Images.xcassets */; };
		7E4B135C1940149600E2A50B /* XCTest.framework in Frameworks */ = {isa = PBXBuildFile; fileRef = 7E4B135B1940149600E2A50B /* XCTest.framework */; };
		7E4B135D1940149600E2A50B /* Foundation.framework in Frameworks */ = {isa = PBXBuildFile; fileRef = 7E4B13421940149500E2A50B /* Foundation.framework */; };
		7E4B135E1940149600E2A50B /* UIKit.framework in Frameworks */ = {isa = PBXBuildFile; fileRef = 7E4B13461940149500E2A50B /* UIKit.framework */; };
		7E4B13661940149600E2A50B /* InfoPlist.strings in Resources */ = {isa = PBXBuildFile; fileRef = 7E4B13641940149600E2A50B /* InfoPlist.strings */; };
		7E4B13681940149600E2A50B /* API_CacheTests.m in Sources */ = {isa = PBXBuildFile; fileRef = 7E4B13671940149600E2A50B /* API_CacheTests.m */; };
		7E4B1374194014B200E2A50B /* APICacheViewController.m in Sources */ = {isa = PBXBuildFile; fileRef = 7E4B1372194014B200E2A50B /* APICacheViewController.m */; };
		7E4B1375194014B200E2A50B /* APICacheViewController.xib in Resources */ = {isa = PBXBuildFile; fileRef = 7E4B1373194014B200E2A50B /* APICacheViewController.xib */; };
/* End PBXBuildFile section */

/* Begin PBXContainerItemProxy section */
		7E4B135F1940149600E2A50B /* PBXContainerItemProxy */ = {
			isa = PBXContainerItemProxy;
			containerPortal = 7E4B13371940149500E2A50B /* Project object */;
			proxyType = 1;
			remoteGlobalIDString = 7E4B133E1940149500E2A50B;
			remoteInfo = API_Cache;
		};
/* End PBXContainerItemProxy section */

/* Begin PBXFileReference section */
		7E4B133F1940149500E2A50B /* API_Cache.app */ = {isa = PBXFileReference; explicitFileType = wrapper.application; includeInIndex = 0; path = API_Cache.app; sourceTree = BUILT_PRODUCTS_DIR; };
		7E4B13421940149500E2A50B /* Foundation.framework */ = {isa = PBXFileReference; lastKnownFileType = wrapper.framework; name = Foundation.framework; path = System/Library/Frameworks/Foundation.framework; sourceTree = SDKROOT; };
		7E4B13441940149500E2A50B /* CoreGraphics.framework */ = {isa = PBXFileReference; lastKnownFileType = wrapper.framework; name = CoreGraphics.framework; path = System/Library/Frameworks/CoreGraphics.framework; sourceTree = SDKROOT; };
		7E4B13461940149500E2A50B /* UIKit.framework */ = {isa = PBXFileReference; lastKnownFileType = wrapper.framework; name = UIKit.framework; path = System/Library/Frameworks/UIKit.framework; sourceTree = SDKROOT; };
		7E4B134A1940149500E2A50B /* API_Cache-Info.plist */ = {isa = PBXFileReference; lastKnownFileType = text.plist.xml; path = "API_Cache-Info.plist"; sourceTree = "<group>"; };
		7E4B134C1940149500E2A50B /* en */ = {isa = PBXFileReference; lastKnownFileType = text.plist.strings; name = en; path = en.lproj/InfoPlist.strings; sourceTree = "<group>"; };
		7E4B134E1940149500E2A50B /* main.m */ = {isa = PBXFileReference; lastKnownFileType = sourcecode.c.objc; path = main.m; sourceTree = "<group>"; };
		7E4B13501940149500E2A50B /* API_Cache-Prefix.pch */ = {isa = PBXFileReference; lastKnownFileType = sourcecode.c.h; path = "API_Cache-Prefix.pch"; sourceTree = "<group>"; };
		7E4B13511940149500E2A50B /* FirstAppAppDelegate.h */ = {isa = PBXFileReference; lastKnownFileType = sourcecode.c.h; path = FirstAppAppDelegate.h; sourceTree = "<group>"; };
		7E4B13521940149500E2A50B /* FirstAppAppDelegate.m */ = {isa = PBXFileReference; lastKnownFileType = sourcecode.c.objc; path = FirstAppAppDelegate.m; sourceTree = "<group>"; };
		7E4B13541940149500E2A50B /* Images.xcassets */ = {isa = PBXFileReference; lastKnownFileType = folder.assetcatalog; path = Images.xcassets; sourceTree = "<group>"; };
		7E4B135A1940149600E2A50B /* API_CacheTests.xctest */ = {isa = PBXFileReference; explicitFileType = wrapper.cfbundle; includeInIndex = 0; path = API_CacheTests.xctest; sourceTree = BUILT_PRODUCTS_DIR; };
		7E4B135B1940149600E2A50B /* XCTest.framework */ = {isa = PBXFileReference; lastKnownFileType = wrapper.framework; name = XCTest.framework; path = Library/Frameworks/XCTest.framework; sourceTree = DEVELOPER_DIR; };
		7E4B13631940149600E2A50B /* API_CacheTests-Info.plist */ = {isa = PBXFileReference; lastKnownFileType = text.plist.xml; path = "API_CacheTests-Info.plist"; sourceTree = "<group>"; };
		7E4B13651940149600E2A50B /* en */ = {isa = PBXFileReference; lastKnownFileType = text.plist.strings; name = en; path = en.lproj/InfoPlist.strings; sourceTree = "<group>"; };
		7E4B13671940149600E2A50B /* API_CacheTests.m */ = {isa = PBXFileReference; lastKnownFileType = sourcecode.c.objc; path = API_CacheTests.m; sourceTree = "<group>"; };
		7E4B1371194014B200E2A50B /* APICacheViewController.h */ = {isa = PBXFileReference; fileEncoding = 4; lastKnownFileType = sourcecode.c.h; path = APICacheViewController.h; sourceTree = "<group>"; };
		7E4B1372194014B200E2A50B /* APICacheViewController.m */ = {isa = PBXFileReference; fileEncoding = 4; lastKnownFileType = sourcecode.c.objc; path = APICacheViewController.m; sourceTree = "<group>"; };
		7E4B1373194014B200E2A50B /* APICacheViewController.xib */ = {isa = PBXFileReference; fileEncoding = 4; lastKnownFileType = file.xib; path = APICacheViewController.xib; sourceTree = "<group>"; };
/* End PBXFileReference section */

/* Begin PBXFrameworksBuildPhase section */
		7E4B133C1940149500E2A50B /* Frameworks */ = {
			isa = PBXFrameworksBuildPhase;
			buildActionMask = 2147483647;
			files = (
				7E4B13451940149500E2A50B /* CoreGraphics.framework in Frameworks */,
				7E4B13471940149500E2A50B /* UIKit.framework in Frameworks */,
				7E4B13431940149500E2A50B /* Foundation.framework in Frameworks */,
			);
			runOnlyForDeploymentPostprocessing = 0;
		};
		7E4B13571940149600E2A50B /* Frameworks */ = {
			isa = PBXFrameworksBuildPhase;
			buildActionMask = 2147483647;
			files = (
				7E4B135C1940149600E2A50B /* XCTest.framework in Frameworks */,
				7E4B135E1940149600E2A50B /* UIKit.framework in Frameworks */,
				7E4B135D1940149600E2A50B /* Foundation.framework in Frameworks */,
			);
			runOnlyForDeploymentPostprocessing = 0;
		};
/* End PBXFrameworksBuildPhase section */

/* Begin PBXGroup section */
		7E4B13361940149500E2A50B = {
			isa = PBXGroup;
			children = (
				7E4B13481940149500E2A50B /* API_Cache */,
				7E4B13611940149600E2A50B /* API_CacheTests */,
				7E4B13411940149500E2A50B /* Frameworks */,
				7E4B13401940149500E2A50B /* Products */,
			);
			sourceTree = "<group>";
		};
		7E4B13401940149500E2A50B /* Products */ = {
			isa = PBXGroup;
			children = (
				7E4B133F1940149500E2A50B /* API_Cache.app */,
				7E4B135A1940149600E2A50B /* API_CacheTests.xctest */,
			);
			name = Products;
			sourceTree = "<group>";
		};
		7E4B13411940149500E2A50B /* Frameworks */ = {
			isa = PBXGroup;
			children = (
				7E4B13421940149500E2A50B /* Foundation.framework */,
				7E4B13441940149500E2A50B /* CoreGraphics.framework */,
				7E4B13461940149500E2A50B /* UIKit.framework */,
				7E4B135B1940149600E2A50B /* XCTest.framework */,
			);
			name = Frameworks;
			sourceTree = "<group>";
		};
		7E4B13481940149500E2A50B /* API_Cache */ = {
			isa = PBXGroup;
			children = (
				7E4B13511940149500E2A50B /* FirstAppAppDelegate.h */,
				7E4B13521940149500E2A50B /* FirstAppAppDelegate.m */,
				7E4B13541940149500E2A50B /* Images.xcassets */,
				7E4B13491940149500E2A50B /* Supporting Files */,
				7E4B1371194014B200E2A50B /* APICacheViewController.h */,
				7E4B1372194014B200E2A50B /* APICacheViewController.m */,
				7E4B1373194014B200E2A50B /* APICacheViewController.xib */,
			);
			path = API_Cache;
			sourceTree = "<group>";
		};
		7E4B13491940149500E2A50B /* Supporting Files */ = {
			isa = PBXGroup;
			children = (
				7E4B134A1940149500E2A50B /* API_Cache-Info.plist */,
				7E4B134B1940149500E2A50B /* InfoPlist.strings */,
				7E4B134E1940149500E2A50B /* main.m */,
				7E4B13501940149500E2A50B /* API_Cache-Prefix.pch */,
			);
			name = "Supporting Files";
			sourceTree = "<group>";
		};
		7E4B13611940149600E2A50B /* API_CacheTests */ = {
			isa = PBXGroup;
			children = (
				7E4B13671940149600E2A50B /* API_CacheTests.m */,
				7E4B13621940149600E2A50B /* Supporting Files */,
			);
			path = API_CacheTests;
			sourceTree = "<group>";
		};
		7E4B13621940149600E2A50B /* Supporting Files */ = {
			isa = PBXGroup;
			children = (
				7E4B13631940149600E2A50B /* API_CacheTests-Info.plist */,
				7E4B13641940149600E2A50B /* InfoPlist.strings */,
			);
			name = "Supporting Files";
			sourceTree = "<group>";
		};
/* End PBXGroup section */

/* Begin PBXNativeTarget section */
		7E4B133E1940149500E2A50B /* API_Cache */ = {
			isa = PBXNativeTarget;
			buildConfigurationList = 7E4B136B1940149600E2A50B /* Build configuration list for PBXNativeTarget "API_Cache" */;
			buildPhases = (
				7E4B133B1940149500E2A50B /* Sources */,
				7E4B133C1940149500E2A50B /* Frameworks */,
				7E4B133D1940149500E2A50B /* Resources */,
			);
			buildRules = (
			);
			dependencies = (
			);
			name = API_Cache;
			productName = API_Cache;
			productReference = 7E4B133F1940149500E2A50B /* API_Cache.app */;
			productType = "com.apple.product-type.application";
		};
		7E4B13591940149600E2A50B /* API_CacheTests */ = {
			isa = PBXNativeTarget;
			buildConfigurationList = 7E4B136E1940149600E2A50B /* Build configuration list for PBXNativeTarget "API_CacheTests" */;
			buildPhases = (
				7E4B13561940149600E2A50B /* Sources */,
				7E4B13571940149600E2A50B /* Frameworks */,
				7E4B13581940149600E2A50B /* Resources */,
			);
			buildRules = (
			);
			dependencies = (
				7E4B13601940149600E2A50B /* PBXTargetDependency */,
			);
			name = API_CacheTests;
			productName = API_CacheTests;
			productReference = 7E4B135A1940149600E2A50B /* API_CacheTests.xctest */;
			productType = "com.apple.product-type.bundle.unit-test";
		};
/* End PBXNativeTarget section */

/* Begin PBXProject section */
		7E4B13371940149500E2A50B /* Project object */ = {
			isa = PBXProject;
			attributes = {
				CLASSPREFIX = FirstApp;
				LastUpgradeCheck = 0510;
				ORGANIZATIONNAME = Ufscar;
				TargetAttributes = {
					7E4B13591940149600E2A50B = {
						TestTargetID = 7E4B133E1940149500E2A50B;
					};
				};
			};
			buildConfigurationList = 7E4B133A1940149500E2A50B /* Build configuration list for PBXProject "API_Cache" */;
			compatibilityVersion = "Xcode 3.2";
			developmentRegion = English;
			hasScannedForEncodings = 0;
			knownRegions = (
				en,
			);
			mainGroup = 7E4B13361940149500E2A50B;
			productRefGroup = 7E4B13401940149500E2A50B /* Products */;
			projectDirPath = "";
			projectRoot = "";
			targets = (
				7E4B133E1940149500E2A50B /* API_Cache */,
				7E4B13591940149600E2A50B /* API_CacheTests */,
			);
		};
/* End PBXProject section */

/* Begin PBXResourcesBuildPhase section */
		7E4B133D1940149500E2A50B /* Resources */ = {
			isa = PBXResourcesBuildPhase;
			buildActionMask = 2147483647;
			files = (
				7E4B1375194014B200E2A50B /* APICacheViewController.xib in Resources */,
				7E4B134D1940149500E2A50B /* InfoPlist.strings in Resources */,
				7E4B13551940149500E2A50B /* Images.xcassets in Resources */,
			);
			runOnlyForDeploymentPostprocessing = 0;
		};
		7E4B13581940149600E2A50B /* Resources */ = {
			isa = PBXResourcesBuildPhase;
			buildActionMask = 2147483647;
			files = (
				7E4B13661940149600E2A50B /* InfoPlist.strings in Resources */,
			);
			runOnlyForDeploymentPostprocessing = 0;
		};
/* End PBXResourcesBuildPhase section */

/* Begin PBXSourcesBuildPhase section */
		7E4B133B1940149500E2A50B /* Sources */ = {
			isa = PBXSourcesBuildPhase;
			buildActionMask = 2147483647;
			files = (
				7E4B134F1940149500E2A50B /* main.m in Sources */,
				7E4B1374194014B200E2A50B /* APICacheViewController.m in Sources */,
				7E4B13531940149500E2A50B /* FirstAppAppDelegate.m in Sources */,
			);
			runOnlyForDeploymentPostprocessing = 0;
		};
		7E4B13561940149600E2A50B /* Sources */ = {
			isa = PBXSourcesBuildPhase;
			buildActionMask = 2147483647;
			files = (
				7E4B13681940149600E2A50B /* API_CacheTests.m in Sources */,
			);
			runOnlyForDeploymentPostprocessing = 0;
		};
/* End PBXSourcesBuildPhase section */

/* Begin PBXTargetDependency section */
		7E4B13601940149600E2A50B /* PBXTargetDependency */ = {
			isa = PBXTargetDependency;
			target = 7E4B133E1940149500E2A50B /* API_Cache */;
			targetProxy = 7E4B135F1940149600E2A50B /* PBXContainerItemProxy */;
		};
/* End PBXTargetDependency section */

/* Begin PBXVariantGroup section */
		7E4B134B1940149500E2A50B /* InfoPlist.strings */ = {
			isa = PBXVariantGroup;
			children = (
				7E4B134C1940149500E2A50B /* en */,
			);
			name = InfoPlist.strings;
			sourceTree = "<group>";
		};
		7E4B13641940149600E2A50B /* InfoPlist.strings */ = {
			isa = PBXVariantGroup;
			children = (
				7E4B13651940149600E2A50B /* en */,
			);
			name = InfoPlist.strings;
			sourceTree = "<group>";
		};
/* End PBXVariantGroup section */

/* Begin XCBuildConfiguration section */
		7E4B13691940149600E2A50B /* Debug */ = {
			isa = XCBuildConfiguration;
			buildSettings = {
				ALWAYS_SEARCH_USER_PATHS = NO;
				CLANG_CXX_LANGUAGE_STANDARD = "gnu++0x";
				CLANG_CXX_LIBRARY = "libc++";
				CLANG_ENABLE_MODULES = YES;
				CLANG_ENABLE_OBJC_ARC = YES;
				CLANG_WARN_BOOL_CONVERSION = YES;
				CLANG_WARN_CONSTANT_CONVERSION = YES;
				CLANG_WARN_DIRECT_OBJC_ISA_USAGE = YES_ERROR;
				CLANG_WARN_EMPTY_BODY = YES;
				CLANG_WARN_ENUM_CONVERSION = YES;
				CLANG_WARN_INT_CONVERSION = YES;
				CLANG_WARN_OBJC_ROOT_CLASS = YES_ERROR;
				CLANG_WARN__DUPLICATE_METHOD_MATCH = YES;
				"CODE_SIGN_IDENTITY[sdk=iphoneos*]" = "iPhone Developer";
				COPY_PHASE_STRIP = NO;
				GCC_C_LANGUAGE_STANDARD = gnu99;
				GCC_DYNAMIC_NO_PIC = NO;
				GCC_OPTIMIZATION_LEVEL = 0;
				GCC_PREPROCESSOR_DEFINITIONS = (
					"DEBUG=1",
					"$(inherited)",
				);
				GCC_SYMBOLS_PRIVATE_EXTERN = NO;
				GCC_WARN_64_TO_32_BIT_CONVERSION = YES;
				GCC_WARN_ABOUT_RETURN_TYPE = YES_ERROR;
				GCC_WARN_UNDECLARED_SELECTOR = YES;
				GCC_WARN_UNINITIALIZED_AUTOS = YES_AGGRESSIVE;
				GCC_WARN_UNUSED_FUNCTION = YES;
				GCC_WARN_UNUSED_VARIABLE = YES;
				IPHONEOS_DEPLOYMENT_TARGET = 7.1;
				ONLY_ACTIVE_ARCH = YES;
				SDKROOT = iphoneos;
			};
			name = Debug;
		};
		7E4B136A1940149600E2A50B /* Release */ = {
			isa = XCBuildConfiguration;
			buildSettings = {
				ALWAYS_SEARCH_USER_PATHS = NO;
				CLANG_CXX_LANGUAGE_STANDARD = "gnu++0x";
				CLANG_CXX_LIBRARY = "libc++";
				CLANG_ENABLE_MODULES = YES;
				CLANG_ENABLE_OBJC_ARC = YES;
				CLANG_WARN_BOOL_CONVERSION = YES;
				CLANG_WARN_CONSTANT_CONVERSION = YES;
				CLANG_WARN_DIRECT_OBJC_ISA_USAGE = YES_ERROR;
				CLANG_WARN_EMPTY_BODY = YES;
				CLANG_WARN_ENUM_CONVERSION = YES;
				CLANG_WARN_INT_CONVERSION = YES;
				CLANG_WARN_OBJC_ROOT_CLASS = YES_ERROR;
				CLANG_WARN__DUPLICATE_METHOD_MATCH = YES;
				"CODE_SIGN_IDENTITY[sdk=iphoneos*]" = "iPhone Developer";
				COPY_PHASE_STRIP = YES;
				ENABLE_NS_ASSERTIONS = NO;
				GCC_C_LANGUAGE_STANDARD = gnu99;
				GCC_WARN_64_TO_32_BIT_CONVERSION = YES;
				GCC_WARN_ABOUT_RETURN_TYPE = YES_ERROR;
				GCC_WARN_UNDECLARED_SELECTOR = YES;
				GCC_WARN_UNINITIALIZED_AUTOS = YES_AGGRESSIVE;
				GCC_WARN_UNUSED_FUNCTION = YES;
				GCC_WARN_UNUSED_VARIABLE = YES;
				IPHONEOS_DEPLOYMENT_TARGET = 7.1;
				SDKROOT = iphoneos;
				VALIDATE_PRODUCT = YES;
			};
			name = Release;
		};
		7E4B136C1940149600E2A50B /* Debug */ = {
			isa = XCBuildConfiguration;
			buildSettings = {
				ASSETCATALOG_COMPILER_APPICON_NAME = AppIcon;
				ASSETCATALOG_COMPILER_LAUNCHIMAGE_NAME = LaunchImage;
				GCC_PRECOMPILE_PREFIX_HEADER = YES;
				GCC_PREFIX_HEADER = "API_Cache/API_Cache-Prefix.pch";
				INFOPLIST_FILE = "API_Cache/API_Cache-Info.plist";
				PRODUCT_NAME = "$(TARGET_NAME)";
				WRAPPER_EXTENSION = app;
			};
			name = Debug;
		};
		7E4B136D1940149600E2A50B /* Release */ = {
			isa = XCBuildConfiguration;
			buildSettings = {
				ASSETCATALOG_COMPILER_APPICON_NAME = AppIcon;
				ASSETCATALOG_COMPILER_LAUNCHIMAGE_NAME = LaunchImage;
				GCC_PRECOMPILE_PREFIX_HEADER = YES;
				GCC_PREFIX_HEADER = "API_Cache/API_Cache-Prefix.pch";
				INFOPLIST_FILE = "API_Cache/API_Cache-Info.plist";
				PRODUCT_NAME = "$(TARGET_NAME)";
				WRAPPER_EXTENSION = app;
			};
			name = Release;
		};
		7E4B136F1940149600E2A50B /* Debug */ = {
			isa = XCBuildConfiguration;
			buildSettings = {
				BUNDLE_LOADER = "$(BUILT_PRODUCTS_DIR)/API_Cache.app/API_Cache";
				FRAMEWORK_SEARCH_PATHS = (
					"$(SDKROOT)/Developer/Library/Frameworks",
					"$(inherited)",
					"$(DEVELOPER_FRAMEWORKS_DIR)",
				);
				GCC_PRECOMPILE_PREFIX_HEADER = YES;
				GCC_PREFIX_HEADER = "API_Cache/API_Cache-Prefix.pch";
				GCC_PREPROCESSOR_DEFINITIONS = (
					"DEBUG=1",
					"$(inherited)",
				);
				INFOPLIST_FILE = "API_CacheTests/API_CacheTests-Info.plist";
				PRODUCT_NAME = "$(TARGET_NAME)";
				TEST_HOST = "$(BUNDLE_LOADER)";
				WRAPPER_EXTENSION = xctest;
			};
			name = Debug;
		};
		7E4B13701940149600E2A50B /* Release */ = {
			isa = XCBuildConfiguration;
			buildSettings = {
				BUNDLE_LOADER = "$(BUILT_PRODUCTS_DIR)/API_Cache.app/API_Cache";
				FRAMEWORK_SEARCH_PATHS = (
					"$(SDKROOT)/Developer/Library/Frameworks",
					"$(inherited)",
					"$(DEVELOPER_FRAMEWORKS_DIR)",
				);
				GCC_PRECOMPILE_PREFIX_HEADER = YES;
				GCC_PREFIX_HEADER = "API_Cache/API_Cache-Prefix.pch";
				INFOPLIST_FILE = "API_CacheTests/API_CacheTests-Info.plist";
				PRODUCT_NAME = "$(TARGET_NAME)";
				TEST_HOST = "$(BUNDLE_LOADER)";
				WRAPPER_EXTENSION = xctest;
			};
			name = Release;
		};
/* End XCBuildConfiguration section */

/* Begin XCConfigurationList section */
		7E4B133A1940149500E2A50B /* Build configuration list for PBXProject "API_Cache" */ = {
			isa = XCConfigurationList;
			buildConfigurations = (
				7E4B13691940149600E2A50B /* Debug */,
				7E4B136A1940149600E2A50B /* Release */,
			);
			defaultConfigurationIsVisible = 0;
			defaultConfigurationName = Release;
		};
		7E4B136B1940149600E2A50B /* Build configuration list for PBXNativeTarget "API_Cache" */ = {
			isa = XCConfigurationList;
			buildConfigurations = (
				7E4B136C1940149600E2A50B /* Debug */,
				7E4B136D1940149600E2A50B /* Release */,
			);
			defaultConfigurationIsVisible = 0;
		};
		7E4B136E1940149600E2A50B /* Build configuration list for PBXNativeTarget "API_CacheTests" */ = {
			isa = XCConfigurationList;
			buildConfigurations = (
				7E4B136F1940149600E2A50B /* Debug */,
				7E4B13701940149600E2A50B /* Release */,
			);
			defaultConfigurationIsVisible = 0;
		};
/* End XCConfigurationList section */
	};
	rootObject = 7E4B13371940149500E2A50B /* Project object */;
}
