// !$*UTF8*$!
{
	archiveVersion = 1;
	classes = {
	};
	objectVersion = 46;
	objects = {

/* Begin PBXBuildFile section */
		7E1618E719B6C48D0079E62F /* EventKit.framework in Frameworks */ = {isa = PBXBuildFile; fileRef = 7E1618E619B6C48D0079E62F /* EventKit.framework */; };
		7ED1296C19B684EF00136360 /* Foundation.framework in Frameworks */ = {isa = PBXBuildFile; fileRef = 7ED1296B19B684EF00136360 /* Foundation.framework */; };
		7ED1296E19B684EF00136360 /* CoreGraphics.framework in Frameworks */ = {isa = PBXBuildFile; fileRef = 7ED1296D19B684EF00136360 /* CoreGraphics.framework */; };
		7ED1297019B684EF00136360 /* UIKit.framework in Frameworks */ = {isa = PBXBuildFile; fileRef = 7ED1296F19B684EF00136360 /* UIKit.framework */; };
		7ED1297619B684EF00136360 /* InfoPlist.strings in Resources */ = {isa = PBXBuildFile; fileRef = 7ED1297419B684EF00136360 /* InfoPlist.strings */; };
		7ED1297819B684EF00136360 /* main.m in Sources */ = {isa = PBXBuildFile; fileRef = 7ED1297719B684EF00136360 /* main.m */; };
		7ED1297C19B684EF00136360 /* AppDelegate.m in Sources */ = {isa = PBXBuildFile; fileRef = 7ED1297B19B684EF00136360 /* AppDelegate.m */; };
		7ED1297E19B684EF00136360 /* Images.xcassets in Resources */ = {isa = PBXBuildFile; fileRef = 7ED1297D19B684EF00136360 /* Images.xcassets */; };
		7ED1298519B684EF00136360 /* XCTest.framework in Frameworks */ = {isa = PBXBuildFile; fileRef = 7ED1298419B684EF00136360 /* XCTest.framework */; };
		7ED1298619B684EF00136360 /* Foundation.framework in Frameworks */ = {isa = PBXBuildFile; fileRef = 7ED1296B19B684EF00136360 /* Foundation.framework */; };
		7ED1298719B684EF00136360 /* UIKit.framework in Frameworks */ = {isa = PBXBuildFile; fileRef = 7ED1296F19B684EF00136360 /* UIKit.framework */; };
		7ED1298F19B684F000136360 /* InfoPlist.strings in Resources */ = {isa = PBXBuildFile; fileRef = 7ED1298D19B684F000136360 /* InfoPlist.strings */; };
		7ED1299119B684F000136360 /* API_AgendaCompromissosTests.m in Sources */ = {isa = PBXBuildFile; fileRef = 7ED1299019B684F000136360 /* API_AgendaCompromissosTests.m */; };
		7ED1299D19B6856800136360 /* AgendaCompromissosViewController.m in Sources */ = {isa = PBXBuildFile; fileRef = 7ED1299B19B6856800136360 /* AgendaCompromissosViewController.m */; };
		7ED1299E19B6856800136360 /* AgendaCompromissosViewController.xib in Resources */ = {isa = PBXBuildFile; fileRef = 7ED1299C19B6856800136360 /* AgendaCompromissosViewController.xib */; };
		7ED129A219B6877100136360 /* AddCalendarioViewController.m in Sources */ = {isa = PBXBuildFile; fileRef = 7ED129A019B6877100136360 /* AddCalendarioViewController.m */; };
		7ED129A319B6877100136360 /* AddCalendarioViewController.xib in Resources */ = {isa = PBXBuildFile; fileRef = 7ED129A119B6877100136360 /* AddCalendarioViewController.xib */; };
		7ED129A719B6A19C00136360 /* AddEventoViewController.m in Sources */ = {isa = PBXBuildFile; fileRef = 7ED129A519B6A19C00136360 /* AddEventoViewController.m */; };
		7ED129A819B6A19C00136360 /* AddEventoViewController.xib in Resources */ = {isa = PBXBuildFile; fileRef = 7ED129A619B6A19C00136360 /* AddEventoViewController.xib */; };
/* End PBXBuildFile section */

/* Begin PBXContainerItemProxy section */
		7ED1298819B684EF00136360 /* PBXContainerItemProxy */ = {
			isa = PBXContainerItemProxy;
			containerPortal = 7ED1296019B684EF00136360 /* Project object */;
			proxyType = 1;
			remoteGlobalIDString = 7ED1296719B684EF00136360;
			remoteInfo = API_AgendaCompromissos;
		};
/* End PBXContainerItemProxy section */

/* Begin PBXFileReference section */
		7E1618E619B6C48D0079E62F /* EventKit.framework */ = {isa = PBXFileReference; lastKnownFileType = wrapper.framework; name = EventKit.framework; path = System/Library/Frameworks/EventKit.framework; sourceTree = SDKROOT; };
		7ED1296819B684EF00136360 /* API_AgendaCompromissos.app */ = {isa = PBXFileReference; explicitFileType = wrapper.application; includeInIndex = 0; path = API_AgendaCompromissos.app; sourceTree = BUILT_PRODUCTS_DIR; };
		7ED1296B19B684EF00136360 /* Foundation.framework */ = {isa = PBXFileReference; lastKnownFileType = wrapper.framework; name = Foundation.framework; path = System/Library/Frameworks/Foundation.framework; sourceTree = SDKROOT; };
		7ED1296D19B684EF00136360 /* CoreGraphics.framework */ = {isa = PBXFileReference; lastKnownFileType = wrapper.framework; name = CoreGraphics.framework; path = System/Library/Frameworks/CoreGraphics.framework; sourceTree = SDKROOT; };
		7ED1296F19B684EF00136360 /* UIKit.framework */ = {isa = PBXFileReference; lastKnownFileType = wrapper.framework; name = UIKit.framework; path = System/Library/Frameworks/UIKit.framework; sourceTree = SDKROOT; };
		7ED1297319B684EF00136360 /* API_AgendaCompromissos-Info.plist */ = {isa = PBXFileReference; lastKnownFileType = text.plist.xml; path = "API_AgendaCompromissos-Info.plist"; sourceTree = "<group>"; };
		7ED1297519B684EF00136360 /* en */ = {isa = PBXFileReference; lastKnownFileType = text.plist.strings; name = en; path = en.lproj/InfoPlist.strings; sourceTree = "<group>"; };
		7ED1297719B684EF00136360 /* main.m */ = {isa = PBXFileReference; lastKnownFileType = sourcecode.c.objc; path = main.m; sourceTree = "<group>"; };
		7ED1297919B684EF00136360 /* API_AgendaCompromissos-Prefix.pch */ = {isa = PBXFileReference; lastKnownFileType = sourcecode.c.h; path = "API_AgendaCompromissos-Prefix.pch"; sourceTree = "<group>"; };
		7ED1297A19B684EF00136360 /* AppDelegate.h */ = {isa = PBXFileReference; lastKnownFileType = sourcecode.c.h; path = AppDelegate.h; sourceTree = "<group>"; };
		7ED1297B19B684EF00136360 /* AppDelegate.m */ = {isa = PBXFileReference; lastKnownFileType = sourcecode.c.objc; path = AppDelegate.m; sourceTree = "<group>"; };
		7ED1297D19B684EF00136360 /* Images.xcassets */ = {isa = PBXFileReference; lastKnownFileType = folder.assetcatalog; path = Images.xcassets; sourceTree = "<group>"; };
		7ED1298319B684EF00136360 /* API_AgendaCompromissosTests.xctest */ = {isa = PBXFileReference; explicitFileType = wrapper.cfbundle; includeInIndex = 0; path = API_AgendaCompromissosTests.xctest; sourceTree = BUILT_PRODUCTS_DIR; };
		7ED1298419B684EF00136360 /* XCTest.framework */ = {isa = PBXFileReference; lastKnownFileType = wrapper.framework; name = XCTest.framework; path = Library/Frameworks/XCTest.framework; sourceTree = DEVELOPER_DIR; };
		7ED1298C19B684EF00136360 /* API_AgendaCompromissosTests-Info.plist */ = {isa = PBXFileReference; lastKnownFileType = text.plist.xml; path = "API_AgendaCompromissosTests-Info.plist"; sourceTree = "<group>"; };
		7ED1298E19B684F000136360 /* en */ = {isa = PBXFileReference; lastKnownFileType = text.plist.strings; name = en; path = en.lproj/InfoPlist.strings; sourceTree = "<group>"; };
		7ED1299019B684F000136360 /* API_AgendaCompromissosTests.m */ = {isa = PBXFileReference; lastKnownFileType = sourcecode.c.objc; path = API_AgendaCompromissosTests.m; sourceTree = "<group>"; };
		7ED1299A19B6856800136360 /* AgendaCompromissosViewController.h */ = {isa = PBXFileReference; fileEncoding = 4; lastKnownFileType = sourcecode.c.h; path = AgendaCompromissosViewController.h; sourceTree = "<group>"; };
		7ED1299B19B6856800136360 /* AgendaCompromissosViewController.m */ = {isa = PBXFileReference; fileEncoding = 4; lastKnownFileType = sourcecode.c.objc; path = AgendaCompromissosViewController.m; sourceTree = "<group>"; };
		7ED1299C19B6856800136360 /* AgendaCompromissosViewController.xib */ = {isa = PBXFileReference; fileEncoding = 4; lastKnownFileType = file.xib; path = AgendaCompromissosViewController.xib; sourceTree = "<group>"; };
		7ED1299F19B6877100136360 /* AddCalendarioViewController.h */ = {isa = PBXFileReference; fileEncoding = 4; lastKnownFileType = sourcecode.c.h; path = AddCalendarioViewController.h; sourceTree = "<group>"; };
		7ED129A019B6877100136360 /* AddCalendarioViewController.m */ = {isa = PBXFileReference; fileEncoding = 4; lastKnownFileType = sourcecode.c.objc; path = AddCalendarioViewController.m; sourceTree = "<group>"; };
		7ED129A119B6877100136360 /* AddCalendarioViewController.xib */ = {isa = PBXFileReference; fileEncoding = 4; lastKnownFileType = file.xib; path = AddCalendarioViewController.xib; sourceTree = "<group>"; };
		7ED129A419B6A19C00136360 /* AddEventoViewController.h */ = {isa = PBXFileReference; fileEncoding = 4; lastKnownFileType = sourcecode.c.h; path = AddEventoViewController.h; sourceTree = "<group>"; };
		7ED129A519B6A19C00136360 /* AddEventoViewController.m */ = {isa = PBXFileReference; fileEncoding = 4; lastKnownFileType = sourcecode.c.objc; path = AddEventoViewController.m; sourceTree = "<group>"; };
		7ED129A619B6A19C00136360 /* AddEventoViewController.xib */ = {isa = PBXFileReference; fileEncoding = 4; lastKnownFileType = file.xib; path = AddEventoViewController.xib; sourceTree = "<group>"; };
/* End PBXFileReference section */

/* Begin PBXFrameworksBuildPhase section */
		7ED1296519B684EF00136360 /* Frameworks */ = {
			isa = PBXFrameworksBuildPhase;
			buildActionMask = 2147483647;
			files = (
				7E1618E719B6C48D0079E62F /* EventKit.framework in Frameworks */,
				7ED1296E19B684EF00136360 /* CoreGraphics.framework in Frameworks */,
				7ED1297019B684EF00136360 /* UIKit.framework in Frameworks */,
				7ED1296C19B684EF00136360 /* Foundation.framework in Frameworks */,
			);
			runOnlyForDeploymentPostprocessing = 0;
		};
		7ED1298019B684EF00136360 /* Frameworks */ = {
			isa = PBXFrameworksBuildPhase;
			buildActionMask = 2147483647;
			files = (
				7ED1298519B684EF00136360 /* XCTest.framework in Frameworks */,
				7ED1298719B684EF00136360 /* UIKit.framework in Frameworks */,
				7ED1298619B684EF00136360 /* Foundation.framework in Frameworks */,
			);
			runOnlyForDeploymentPostprocessing = 0;
		};
/* End PBXFrameworksBuildPhase section */

/* Begin PBXGroup section */
		7ED1295F19B684EF00136360 = {
			isa = PBXGroup;
			children = (
				7ED1297119B684EF00136360 /* API_AgendaCompromissos */,
				7ED1298A19B684EF00136360 /* API_AgendaCompromissosTests */,
				7ED1296A19B684EF00136360 /* Frameworks */,
				7ED1296919B684EF00136360 /* Products */,
			);
			sourceTree = "<group>";
		};
		7ED1296919B684EF00136360 /* Products */ = {
			isa = PBXGroup;
			children = (
				7ED1296819B684EF00136360 /* API_AgendaCompromissos.app */,
				7ED1298319B684EF00136360 /* API_AgendaCompromissosTests.xctest */,
			);
			name = Products;
			sourceTree = "<group>";
		};
		7ED1296A19B684EF00136360 /* Frameworks */ = {
			isa = PBXGroup;
			children = (
				7E1618E619B6C48D0079E62F /* EventKit.framework */,
				7ED1296B19B684EF00136360 /* Foundation.framework */,
				7ED1296D19B684EF00136360 /* CoreGraphics.framework */,
				7ED1296F19B684EF00136360 /* UIKit.framework */,
				7ED1298419B684EF00136360 /* XCTest.framework */,
			);
			name = Frameworks;
			sourceTree = "<group>";
		};
		7ED1297119B684EF00136360 /* API_AgendaCompromissos */ = {
			isa = PBXGroup;
			children = (
				7ED1297A19B684EF00136360 /* AppDelegate.h */,
				7ED1297B19B684EF00136360 /* AppDelegate.m */,
				7ED1297D19B684EF00136360 /* Images.xcassets */,
				7ED1297219B684EF00136360 /* Supporting Files */,
				7ED1299A19B6856800136360 /* AgendaCompromissosViewController.h */,
				7ED1299B19B6856800136360 /* AgendaCompromissosViewController.m */,
				7ED1299C19B6856800136360 /* AgendaCompromissosViewController.xib */,
				7ED1299F19B6877100136360 /* AddCalendarioViewController.h */,
				7ED129A019B6877100136360 /* AddCalendarioViewController.m */,
				7ED129A119B6877100136360 /* AddCalendarioViewController.xib */,
				7ED129A419B6A19C00136360 /* AddEventoViewController.h */,
				7ED129A519B6A19C00136360 /* AddEventoViewController.m */,
				7ED129A619B6A19C00136360 /* AddEventoViewController.xib */,
			);
			path = API_AgendaCompromissos;
			sourceTree = "<group>";
		};
		7ED1297219B684EF00136360 /* Supporting Files */ = {
			isa = PBXGroup;
			children = (
				7ED1297319B684EF00136360 /* API_AgendaCompromissos-Info.plist */,
				7ED1297419B684EF00136360 /* InfoPlist.strings */,
				7ED1297719B684EF00136360 /* main.m */,
				7ED1297919B684EF00136360 /* API_AgendaCompromissos-Prefix.pch */,
			);
			name = "Supporting Files";
			sourceTree = "<group>";
		};
		7ED1298A19B684EF00136360 /* API_AgendaCompromissosTests */ = {
			isa = PBXGroup;
			children = (
				7ED1299019B684F000136360 /* API_AgendaCompromissosTests.m */,
				7ED1298B19B684EF00136360 /* Supporting Files */,
			);
			path = API_AgendaCompromissosTests;
			sourceTree = "<group>";
		};
		7ED1298B19B684EF00136360 /* Supporting Files */ = {
			isa = PBXGroup;
			children = (
				7ED1298C19B684EF00136360 /* API_AgendaCompromissosTests-Info.plist */,
				7ED1298D19B684F000136360 /* InfoPlist.strings */,
			);
			name = "Supporting Files";
			sourceTree = "<group>";
		};
/* End PBXGroup section */

/* Begin PBXNativeTarget section */
		7ED1296719B684EF00136360 /* API_AgendaCompromissos */ = {
			isa = PBXNativeTarget;
			buildConfigurationList = 7ED1299419B684F000136360 /* Build configuration list for PBXNativeTarget "API_AgendaCompromissos" */;
			buildPhases = (
				7ED1296419B684EF00136360 /* Sources */,
				7ED1296519B684EF00136360 /* Frameworks */,
				7ED1296619B684EF00136360 /* Resources */,
			);
			buildRules = (
			);
			dependencies = (
			);
			name = API_AgendaCompromissos;
			productName = API_AgendaCompromissos;
			productReference = 7ED1296819B684EF00136360 /* API_AgendaCompromissos.app */;
			productType = "com.apple.product-type.application";
		};
		7ED1298219B684EF00136360 /* API_AgendaCompromissosTests */ = {
			isa = PBXNativeTarget;
			buildConfigurationList = 7ED1299719B684F000136360 /* Build configuration list for PBXNativeTarget "API_AgendaCompromissosTests" */;
			buildPhases = (
				7ED1297F19B684EF00136360 /* Sources */,
				7ED1298019B684EF00136360 /* Frameworks */,
				7ED1298119B684EF00136360 /* Resources */,
			);
			buildRules = (
			);
			dependencies = (
				7ED1298919B684EF00136360 /* PBXTargetDependency */,
			);
			name = API_AgendaCompromissosTests;
			productName = API_AgendaCompromissosTests;
			productReference = 7ED1298319B684EF00136360 /* API_AgendaCompromissosTests.xctest */;
			productType = "com.apple.product-type.bundle.unit-test";
		};
/* End PBXNativeTarget section */

/* Begin PBXProject section */
		7ED1296019B684EF00136360 /* Project object */ = {
			isa = PBXProject;
			attributes = {
				LastUpgradeCheck = 0510;
				ORGANIZATIONNAME = Ufscar;
				TargetAttributes = {
					7ED1298219B684EF00136360 = {
						TestTargetID = 7ED1296719B684EF00136360;
					};
				};
			};
			buildConfigurationList = 7ED1296319B684EF00136360 /* Build configuration list for PBXProject "API_AgendaCompromissos" */;
			compatibilityVersion = "Xcode 3.2";
			developmentRegion = English;
			hasScannedForEncodings = 0;
			knownRegions = (
				en,
			);
			mainGroup = 7ED1295F19B684EF00136360;
			productRefGroup = 7ED1296919B684EF00136360 /* Products */;
			projectDirPath = "";
			projectRoot = "";
			targets = (
				7ED1296719B684EF00136360 /* API_AgendaCompromissos */,
				7ED1298219B684EF00136360 /* API_AgendaCompromissosTests */,
			);
		};
/* End PBXProject section */

/* Begin PBXResourcesBuildPhase section */
		7ED1296619B684EF00136360 /* Resources */ = {
			isa = PBXResourcesBuildPhase;
			buildActionMask = 2147483647;
			files = (
				7ED1299E19B6856800136360 /* AgendaCompromissosViewController.xib in Resources */,
				7ED1297619B684EF00136360 /* InfoPlist.strings in Resources */,
				7ED129A319B6877100136360 /* AddCalendarioViewController.xib in Resources */,
				7ED1297E19B684EF00136360 /* Images.xcassets in Resources */,
				7ED129A819B6A19C00136360 /* AddEventoViewController.xib in Resources */,
			);
			runOnlyForDeploymentPostprocessing = 0;
		};
		7ED1298119B684EF00136360 /* Resources */ = {
			isa = PBXResourcesBuildPhase;
			buildActionMask = 2147483647;
			files = (
				7ED1298F19B684F000136360 /* InfoPlist.strings in Resources */,
			);
			runOnlyForDeploymentPostprocessing = 0;
		};
/* End PBXResourcesBuildPhase section */

/* Begin PBXSourcesBuildPhase section */
		7ED1296419B684EF00136360 /* Sources */ = {
			isa = PBXSourcesBuildPhase;
			buildActionMask = 2147483647;
			files = (
				7ED1297C19B684EF00136360 /* AppDelegate.m in Sources */,
				7ED129A719B6A19C00136360 /* AddEventoViewController.m in Sources */,
				7ED1297819B684EF00136360 /* main.m in Sources */,
				7ED129A219B6877100136360 /* AddCalendarioViewController.m in Sources */,
				7ED1299D19B6856800136360 /* AgendaCompromissosViewController.m in Sources */,
			);
			runOnlyForDeploymentPostprocessing = 0;
		};
		7ED1297F19B684EF00136360 /* Sources */ = {
			isa = PBXSourcesBuildPhase;
			buildActionMask = 2147483647;
			files = (
				7ED1299119B684F000136360 /* API_AgendaCompromissosTests.m in Sources */,
			);
			runOnlyForDeploymentPostprocessing = 0;
		};
/* End PBXSourcesBuildPhase section */

/* Begin PBXTargetDependency section */
		7ED1298919B684EF00136360 /* PBXTargetDependency */ = {
			isa = PBXTargetDependency;
			target = 7ED1296719B684EF00136360 /* API_AgendaCompromissos */;
			targetProxy = 7ED1298819B684EF00136360 /* PBXContainerItemProxy */;
		};
/* End PBXTargetDependency section */

/* Begin PBXVariantGroup section */
		7ED1297419B684EF00136360 /* InfoPlist.strings */ = {
			isa = PBXVariantGroup;
			children = (
				7ED1297519B684EF00136360 /* en */,
			);
			name = InfoPlist.strings;
			sourceTree = "<group>";
		};
		7ED1298D19B684F000136360 /* InfoPlist.strings */ = {
			isa = PBXVariantGroup;
			children = (
				7ED1298E19B684F000136360 /* en */,
			);
			name = InfoPlist.strings;
			sourceTree = "<group>";
		};
/* End PBXVariantGroup section */

/* Begin XCBuildConfiguration section */
		7ED1299219B684F000136360 /* Debug */ = {
			isa = XCBuildConfiguration;
			buildSettings = {
				ALWAYS_SEARCH_USER_PATHS = NO;
				CLANG_CXX_LANGUAGE_STANDARD = "gnu++0x";
				CLANG_CXX_LIBRARY = "libc++";
				CLANG_ENABLE_MODULES = YES;
				CLANG_ENABLE_OBJC_ARC = YES;
				CLANG_WARN_BOOL_CONVERSION = YES;
				CLANG_WARN_CONSTANT_CONVERSION = YES;
				CLANG_WARN_DIRECT_OBJC_ISA_USAGE = YES_ERROR;
				CLANG_WARN_EMPTY_BODY = YES;
				CLANG_WARN_ENUM_CONVERSION = YES;
				CLANG_WARN_INT_CONVERSION = YES;
				CLANG_WARN_OBJC_ROOT_CLASS = YES_ERROR;
				CLANG_WARN__DUPLICATE_METHOD_MATCH = YES;
				"CODE_SIGN_IDENTITY[sdk=iphoneos*]" = "iPhone Developer";
				COPY_PHASE_STRIP = NO;
				GCC_C_LANGUAGE_STANDARD = gnu99;
				GCC_DYNAMIC_NO_PIC = NO;
				GCC_OPTIMIZATION_LEVEL = 0;
				GCC_PREPROCESSOR_DEFINITIONS = (
					"DEBUG=1",
					"$(inherited)",
				);
				GCC_SYMBOLS_PRIVATE_EXTERN = NO;
				GCC_WARN_64_TO_32_BIT_CONVERSION = YES;
				GCC_WARN_ABOUT_RETURN_TYPE = YES_ERROR;
				GCC_WARN_UNDECLARED_SELECTOR = YES;
				GCC_WARN_UNINITIALIZED_AUTOS = YES_AGGRESSIVE;
				GCC_WARN_UNUSED_FUNCTION = YES;
				GCC_WARN_UNUSED_VARIABLE = YES;
				IPHONEOS_DEPLOYMENT_TARGET = 7.1;
				ONLY_ACTIVE_ARCH = YES;
				SDKROOT = iphoneos;
			};
			name = Debug;
		};
		7ED1299319B684F000136360 /* Release */ = {
			isa = XCBuildConfiguration;
			buildSettings = {
				ALWAYS_SEARCH_USER_PATHS = NO;
				CLANG_CXX_LANGUAGE_STANDARD = "gnu++0x";
				CLANG_CXX_LIBRARY = "libc++";
				CLANG_ENABLE_MODULES = YES;
				CLANG_ENABLE_OBJC_ARC = YES;
				CLANG_WARN_BOOL_CONVERSION = YES;
				CLANG_WARN_CONSTANT_CONVERSION = YES;
				CLANG_WARN_DIRECT_OBJC_ISA_USAGE = YES_ERROR;
				CLANG_WARN_EMPTY_BODY = YES;
				CLANG_WARN_ENUM_CONVERSION = YES;
				CLANG_WARN_INT_CONVERSION = YES;
				CLANG_WARN_OBJC_ROOT_CLASS = YES_ERROR;
				CLANG_WARN__DUPLICATE_METHOD_MATCH = YES;
				"CODE_SIGN_IDENTITY[sdk=iphoneos*]" = "iPhone Developer";
				COPY_PHASE_STRIP = YES;
				ENABLE_NS_ASSERTIONS = NO;
				GCC_C_LANGUAGE_STANDARD = gnu99;
				GCC_WARN_64_TO_32_BIT_CONVERSION = YES;
				GCC_WARN_ABOUT_RETURN_TYPE = YES_ERROR;
				GCC_WARN_UNDECLARED_SELECTOR = YES;
				GCC_WARN_UNINITIALIZED_AUTOS = YES_AGGRESSIVE;
				GCC_WARN_UNUSED_FUNCTION = YES;
				GCC_WARN_UNUSED_VARIABLE = YES;
				IPHONEOS_DEPLOYMENT_TARGET = 7.1;
				SDKROOT = iphoneos;
				VALIDATE_PRODUCT = YES;
			};
			name = Release;
		};
		7ED1299519B684F000136360 /* Debug */ = {
			isa = XCBuildConfiguration;
			buildSettings = {
				ASSETCATALOG_COMPILER_APPICON_NAME = AppIcon;
				ASSETCATALOG_COMPILER_LAUNCHIMAGE_NAME = LaunchImage;
				GCC_PRECOMPILE_PREFIX_HEADER = YES;
				GCC_PREFIX_HEADER = "API_AgendaCompromissos/API_AgendaCompromissos-Prefix.pch";
				INFOPLIST_FILE = "API_AgendaCompromissos/API_AgendaCompromissos-Info.plist";
				PRODUCT_NAME = "$(TARGET_NAME)";
				WRAPPER_EXTENSION = app;
			};
			name = Debug;
		};
		7ED1299619B684F000136360 /* Release */ = {
			isa = XCBuildConfiguration;
			buildSettings = {
				ASSETCATALOG_COMPILER_APPICON_NAME = AppIcon;
				ASSETCATALOG_COMPILER_LAUNCHIMAGE_NAME = LaunchImage;
				GCC_PRECOMPILE_PREFIX_HEADER = YES;
				GCC_PREFIX_HEADER = "API_AgendaCompromissos/API_AgendaCompromissos-Prefix.pch";
				INFOPLIST_FILE = "API_AgendaCompromissos/API_AgendaCompromissos-Info.plist";
				PRODUCT_NAME = "$(TARGET_NAME)";
				WRAPPER_EXTENSION = app;
			};
			name = Release;
		};
		7ED1299819B684F000136360 /* Debug */ = {
			isa = XCBuildConfiguration;
			buildSettings = {
				BUNDLE_LOADER = "$(BUILT_PRODUCTS_DIR)/API_AgendaCompromissos.app/API_AgendaCompromissos";
				FRAMEWORK_SEARCH_PATHS = (
					"$(SDKROOT)/Developer/Library/Frameworks",
					"$(inherited)",
					"$(DEVELOPER_FRAMEWORKS_DIR)",
				);
				GCC_PRECOMPILE_PREFIX_HEADER = YES;
				GCC_PREFIX_HEADER = "API_AgendaCompromissos/API_AgendaCompromissos-Prefix.pch";
				GCC_PREPROCESSOR_DEFINITIONS = (
					"DEBUG=1",
					"$(inherited)",
				);
				INFOPLIST_FILE = "API_AgendaCompromissosTests/API_AgendaCompromissosTests-Info.plist";
				PRODUCT_NAME = "$(TARGET_NAME)";
				TEST_HOST = "$(BUNDLE_LOADER)";
				WRAPPER_EXTENSION = xctest;
			};
			name = Debug;
		};
		7ED1299919B684F000136360 /* Release */ = {
			isa = XCBuildConfiguration;
			buildSettings = {
				BUNDLE_LOADER = "$(BUILT_PRODUCTS_DIR)/API_AgendaCompromissos.app/API_AgendaCompromissos";
				FRAMEWORK_SEARCH_PATHS = (
					"$(SDKROOT)/Developer/Library/Frameworks",
					"$(inherited)",
					"$(DEVELOPER_FRAMEWORKS_DIR)",
				);
				GCC_PRECOMPILE_PREFIX_HEADER = YES;
				GCC_PREFIX_HEADER = "API_AgendaCompromissos/API_AgendaCompromissos-Prefix.pch";
				INFOPLIST_FILE = "API_AgendaCompromissosTests/API_AgendaCompromissosTests-Info.plist";
				PRODUCT_NAME = "$(TARGET_NAME)";
				TEST_HOST = "$(BUNDLE_LOADER)";
				WRAPPER_EXTENSION = xctest;
			};
			name = Release;
		};
/* End XCBuildConfiguration section */

/* Begin XCConfigurationList section */
		7ED1296319B684EF00136360 /* Build configuration list for PBXProject "API_AgendaCompromissos" */ = {
			isa = XCConfigurationList;
			buildConfigurations = (
				7ED1299219B684F000136360 /* Debug */,
				7ED1299319B684F000136360 /* Release */,
			);
			defaultConfigurationIsVisible = 0;
			defaultConfigurationName = Release;
		};
		7ED1299419B684F000136360 /* Build configuration list for PBXNativeTarget "API_AgendaCompromissos" */ = {
			isa = XCConfigurationList;
			buildConfigurations = (
				7ED1299519B684F000136360 /* Debug */,
				7ED1299619B684F000136360 /* Release */,
			);
			defaultConfigurationIsVisible = 0;
			defaultConfigurationName = Release;
		};
		7ED1299719B684F000136360 /* Build configuration list for PBXNativeTarget "API_AgendaCompromissosTests" */ = {
			isa = XCConfigurationList;
			buildConfigurations = (
				7ED1299819B684F000136360 /* Debug */,
				7ED1299919B684F000136360 /* Release */,
			);
			defaultConfigurationIsVisible = 0;
			defaultConfigurationName = Release;
		};
/* End XCConfigurationList section */
	};
	rootObject = 7ED1296019B684EF00136360 /* Project object */;
}
