// !$*UTF8*$!
{
	archiveVersion = 1;
	classes = {
	};
	objectVersion = 46;
	objects = {

/* Begin PBXBuildFile section */
		7ED3E28C195D3E1D0065C7F3 /* Foundation.framework in Frameworks */ = {isa = PBXBuildFile; fileRef = 7ED3E28B195D3E1D0065C7F3 /* Foundation.framework */; };
		7ED3E28E195D3E1D0065C7F3 /* CoreGraphics.framework in Frameworks */ = {isa = PBXBuildFile; fileRef = 7ED3E28D195D3E1D0065C7F3 /* CoreGraphics.framework */; };
		7ED3E290195D3E1D0065C7F3 /* UIKit.framework in Frameworks */ = {isa = PBXBuildFile; fileRef = 7ED3E28F195D3E1D0065C7F3 /* UIKit.framework */; };
		7ED3E296195D3E1D0065C7F3 /* InfoPlist.strings in Resources */ = {isa = PBXBuildFile; fileRef = 7ED3E294195D3E1D0065C7F3 /* InfoPlist.strings */; };
		7ED3E298195D3E1D0065C7F3 /* main.m in Sources */ = {isa = PBXBuildFile; fileRef = 7ED3E297195D3E1D0065C7F3 /* main.m */; };
		7ED3E29C195D3E1D0065C7F3 /* FirstAppAppDelegate.m in Sources */ = {isa = PBXBuildFile; fileRef = 7ED3E29B195D3E1D0065C7F3 /* FirstAppAppDelegate.m */; };
		7ED3E29E195D3E1D0065C7F3 /* Images.xcassets in Resources */ = {isa = PBXBuildFile; fileRef = 7ED3E29D195D3E1D0065C7F3 /* Images.xcassets */; };
		7ED3E2A5195D3E1E0065C7F3 /* XCTest.framework in Frameworks */ = {isa = PBXBuildFile; fileRef = 7ED3E2A4195D3E1E0065C7F3 /* XCTest.framework */; };
		7ED3E2A6195D3E1E0065C7F3 /* Foundation.framework in Frameworks */ = {isa = PBXBuildFile; fileRef = 7ED3E28B195D3E1D0065C7F3 /* Foundation.framework */; };
		7ED3E2A7195D3E1E0065C7F3 /* UIKit.framework in Frameworks */ = {isa = PBXBuildFile; fileRef = 7ED3E28F195D3E1D0065C7F3 /* UIKit.framework */; };
		7ED3E2AF195D3E1E0065C7F3 /* InfoPlist.strings in Resources */ = {isa = PBXBuildFile; fileRef = 7ED3E2AD195D3E1E0065C7F3 /* InfoPlist.strings */; };
		7ED3E2B1195D3E1E0065C7F3 /* API_AcelerometroGiroscopioTests.m in Sources */ = {isa = PBXBuildFile; fileRef = 7ED3E2B0195D3E1E0065C7F3 /* API_AcelerometroGiroscopioTests.m */; };
		7ED3E2BD195D3E3F0065C7F3 /* ApiAcelerometroGiroscopioViewController.m in Sources */ = {isa = PBXBuildFile; fileRef = 7ED3E2BB195D3E3E0065C7F3 /* ApiAcelerometroGiroscopioViewController.m */; };
		7ED3E2BE195D3E3F0065C7F3 /* ApiAcelerometroGiroscopioViewController.xib in Resources */ = {isa = PBXBuildFile; fileRef = 7ED3E2BC195D3E3F0065C7F3 /* ApiAcelerometroGiroscopioViewController.xib */; };
		7ED3E2C0195D40D10065C7F3 /* CoreMotion.framework in Frameworks */ = {isa = PBXBuildFile; fileRef = 7ED3E2BF195D40D10065C7F3 /* CoreMotion.framework */; };
/* End PBXBuildFile section */

/* Begin PBXContainerItemProxy section */
		7ED3E2A8195D3E1E0065C7F3 /* PBXContainerItemProxy */ = {
			isa = PBXContainerItemProxy;
			containerPortal = 7ED3E280195D3E1C0065C7F3 /* Project object */;
			proxyType = 1;
			remoteGlobalIDString = 7ED3E287195D3E1D0065C7F3;
			remoteInfo = API_AcelerometroGiroscopio;
		};
/* End PBXContainerItemProxy section */

/* Begin PBXFileReference section */
		7ED3E288195D3E1D0065C7F3 /* API_AcelerometroGiroscopio.app */ = {isa = PBXFileReference; explicitFileType = wrapper.application; includeInIndex = 0; path = API_AcelerometroGiroscopio.app; sourceTree = BUILT_PRODUCTS_DIR; };
		7ED3E28B195D3E1D0065C7F3 /* Foundation.framework */ = {isa = PBXFileReference; lastKnownFileType = wrapper.framework; name = Foundation.framework; path = System/Library/Frameworks/Foundation.framework; sourceTree = SDKROOT; };
		7ED3E28D195D3E1D0065C7F3 /* CoreGraphics.framework */ = {isa = PBXFileReference; lastKnownFileType = wrapper.framework; name = CoreGraphics.framework; path = System/Library/Frameworks/CoreGraphics.framework; sourceTree = SDKROOT; };
		7ED3E28F195D3E1D0065C7F3 /* UIKit.framework */ = {isa = PBXFileReference; lastKnownFileType = wrapper.framework; name = UIKit.framework; path = System/Library/Frameworks/UIKit.framework; sourceTree = SDKROOT; };
		7ED3E293195D3E1D0065C7F3 /* API_AcelerometroGiroscopio-Info.plist */ = {isa = PBXFileReference; lastKnownFileType = text.plist.xml; path = "API_AcelerometroGiroscopio-Info.plist"; sourceTree = "<group>"; };
		7ED3E295195D3E1D0065C7F3 /* en */ = {isa = PBXFileReference; lastKnownFileType = text.plist.strings; name = en; path = en.lproj/InfoPlist.strings; sourceTree = "<group>"; };
		7ED3E297195D3E1D0065C7F3 /* main.m */ = {isa = PBXFileReference; lastKnownFileType = sourcecode.c.objc; path = main.m; sourceTree = "<group>"; };
		7ED3E299195D3E1D0065C7F3 /* API_AcelerometroGiroscopio-Prefix.pch */ = {isa = PBXFileReference; lastKnownFileType = sourcecode.c.h; path = "API_AcelerometroGiroscopio-Prefix.pch"; sourceTree = "<group>"; };
		7ED3E29A195D3E1D0065C7F3 /* FirstAppAppDelegate.h */ = {isa = PBXFileReference; lastKnownFileType = sourcecode.c.h; path = FirstAppAppDelegate.h; sourceTree = "<group>"; };
		7ED3E29B195D3E1D0065C7F3 /* FirstAppAppDelegate.m */ = {isa = PBXFileReference; lastKnownFileType = sourcecode.c.objc; path = FirstAppAppDelegate.m; sourceTree = "<group>"; };
		7ED3E29D195D3E1D0065C7F3 /* Images.xcassets */ = {isa = PBXFileReference; lastKnownFileType = folder.assetcatalog; path = Images.xcassets; sourceTree = "<group>"; };
		7ED3E2A3195D3E1E0065C7F3 /* API_AcelerometroGiroscopioTests.xctest */ = {isa = PBXFileReference; explicitFileType = wrapper.cfbundle; includeInIndex = 0; path = API_AcelerometroGiroscopioTests.xctest; sourceTree = BUILT_PRODUCTS_DIR; };
		7ED3E2A4195D3E1E0065C7F3 /* XCTest.framework */ = {isa = PBXFileReference; lastKnownFileType = wrapper.framework; name = XCTest.framework; path = Library/Frameworks/XCTest.framework; sourceTree = DEVELOPER_DIR; };
		7ED3E2AC195D3E1E0065C7F3 /* API_AcelerometroGiroscopioTests-Info.plist */ = {isa = PBXFileReference; lastKnownFileType = text.plist.xml; path = "API_AcelerometroGiroscopioTests-Info.plist"; sourceTree = "<group>"; };
		7ED3E2AE195D3E1E0065C7F3 /* en */ = {isa = PBXFileReference; lastKnownFileType = text.plist.strings; name = en; path = en.lproj/InfoPlist.strings; sourceTree = "<group>"; };
		7ED3E2B0195D3E1E0065C7F3 /* API_AcelerometroGiroscopioTests.m */ = {isa = PBXFileReference; lastKnownFileType = sourcecode.c.objc; path = API_AcelerometroGiroscopioTests.m; sourceTree = "<group>"; };
		7ED3E2BA195D3E3E0065C7F3 /* ApiAcelerometroGiroscopioViewController.h */ = {isa = PBXFileReference; fileEncoding = 4; lastKnownFileType = sourcecode.c.h; path = ApiAcelerometroGiroscopioViewController.h; sourceTree = "<group>"; };
		7ED3E2BB195D3E3E0065C7F3 /* ApiAcelerometroGiroscopioViewController.m */ = {isa = PBXFileReference; fileEncoding = 4; lastKnownFileType = sourcecode.c.objc; path = ApiAcelerometroGiroscopioViewController.m; sourceTree = "<group>"; };
		7ED3E2BC195D3E3F0065C7F3 /* ApiAcelerometroGiroscopioViewController.xib */ = {isa = PBXFileReference; fileEncoding = 4; lastKnownFileType = file.xib; path = ApiAcelerometroGiroscopioViewController.xib; sourceTree = "<group>"; };
		7ED3E2BF195D40D10065C7F3 /* CoreMotion.framework */ = {isa = PBXFileReference; lastKnownFileType = wrapper.framework; name = CoreMotion.framework; path = System/Library/Frameworks/CoreMotion.framework; sourceTree = SDKROOT; };
/* End PBXFileReference section */

/* Begin PBXFrameworksBuildPhase section */
		7ED3E285195D3E1D0065C7F3 /* Frameworks */ = {
			isa = PBXFrameworksBuildPhase;
			buildActionMask = 2147483647;
			files = (
				7ED3E2C0195D40D10065C7F3 /* CoreMotion.framework in Frameworks */,
				7ED3E28E195D3E1D0065C7F3 /* CoreGraphics.framework in Frameworks */,
				7ED3E290195D3E1D0065C7F3 /* UIKit.framework in Frameworks */,
				7ED3E28C195D3E1D0065C7F3 /* Foundation.framework in Frameworks */,
			);
			runOnlyForDeploymentPostprocessing = 0;
		};
		7ED3E2A0195D3E1E0065C7F3 /* Frameworks */ = {
			isa = PBXFrameworksBuildPhase;
			buildActionMask = 2147483647;
			files = (
				7ED3E2A5195D3E1E0065C7F3 /* XCTest.framework in Frameworks */,
				7ED3E2A7195D3E1E0065C7F3 /* UIKit.framework in Frameworks */,
				7ED3E2A6195D3E1E0065C7F3 /* Foundation.framework in Frameworks */,
			);
			runOnlyForDeploymentPostprocessing = 0;
		};
/* End PBXFrameworksBuildPhase section */

/* Begin PBXGroup section */
		7ED3E27F195D3E1C0065C7F3 = {
			isa = PBXGroup;
			children = (
				7ED3E291195D3E1D0065C7F3 /* API_AcelerometroGiroscopio */,
				7ED3E2AA195D3E1E0065C7F3 /* API_AcelerometroGiroscopioTests */,
				7ED3E28A195D3E1D0065C7F3 /* Frameworks */,
				7ED3E289195D3E1D0065C7F3 /* Products */,
			);
			sourceTree = "<group>";
		};
		7ED3E289195D3E1D0065C7F3 /* Products */ = {
			isa = PBXGroup;
			children = (
				7ED3E288195D3E1D0065C7F3 /* API_AcelerometroGiroscopio.app */,
				7ED3E2A3195D3E1E0065C7F3 /* API_AcelerometroGiroscopioTests.xctest */,
			);
			name = Products;
			sourceTree = "<group>";
		};
		7ED3E28A195D3E1D0065C7F3 /* Frameworks */ = {
			isa = PBXGroup;
			children = (
				7ED3E2BF195D40D10065C7F3 /* CoreMotion.framework */,
				7ED3E28B195D3E1D0065C7F3 /* Foundation.framework */,
				7ED3E28D195D3E1D0065C7F3 /* CoreGraphics.framework */,
				7ED3E28F195D3E1D0065C7F3 /* UIKit.framework */,
				7ED3E2A4195D3E1E0065C7F3 /* XCTest.framework */,
			);
			name = Frameworks;
			sourceTree = "<group>";
		};
		7ED3E291195D3E1D0065C7F3 /* API_AcelerometroGiroscopio */ = {
			isa = PBXGroup;
			children = (
				7ED3E29A195D3E1D0065C7F3 /* FirstAppAppDelegate.h */,
				7ED3E29B195D3E1D0065C7F3 /* FirstAppAppDelegate.m */,
				7ED3E29D195D3E1D0065C7F3 /* Images.xcassets */,
				7ED3E292195D3E1D0065C7F3 /* Supporting Files */,
				7ED3E2BA195D3E3E0065C7F3 /* ApiAcelerometroGiroscopioViewController.h */,
				7ED3E2BB195D3E3E0065C7F3 /* ApiAcelerometroGiroscopioViewController.m */,
				7ED3E2BC195D3E3F0065C7F3 /* ApiAcelerometroGiroscopioViewController.xib */,
			);
			path = API_AcelerometroGiroscopio;
			sourceTree = "<group>";
		};
		7ED3E292195D3E1D0065C7F3 /* Supporting Files */ = {
			isa = PBXGroup;
			children = (
				7ED3E293195D3E1D0065C7F3 /* API_AcelerometroGiroscopio-Info.plist */,
				7ED3E294195D3E1D0065C7F3 /* InfoPlist.strings */,
				7ED3E297195D3E1D0065C7F3 /* main.m */,
				7ED3E299195D3E1D0065C7F3 /* API_AcelerometroGiroscopio-Prefix.pch */,
			);
			name = "Supporting Files";
			sourceTree = "<group>";
		};
		7ED3E2AA195D3E1E0065C7F3 /* API_AcelerometroGiroscopioTests */ = {
			isa = PBXGroup;
			children = (
				7ED3E2B0195D3E1E0065C7F3 /* API_AcelerometroGiroscopioTests.m */,
				7ED3E2AB195D3E1E0065C7F3 /* Supporting Files */,
			);
			path = API_AcelerometroGiroscopioTests;
			sourceTree = "<group>";
		};
		7ED3E2AB195D3E1E0065C7F3 /* Supporting Files */ = {
			isa = PBXGroup;
			children = (
				7ED3E2AC195D3E1E0065C7F3 /* API_AcelerometroGiroscopioTests-Info.plist */,
				7ED3E2AD195D3E1E0065C7F3 /* InfoPlist.strings */,
			);
			name = "Supporting Files";
			sourceTree = "<group>";
		};
/* End PBXGroup section */

/* Begin PBXNativeTarget section */
		7ED3E287195D3E1D0065C7F3 /* API_AcelerometroGiroscopio */ = {
			isa = PBXNativeTarget;
			buildConfigurationList = 7ED3E2B4195D3E1E0065C7F3 /* Build configuration list for PBXNativeTarget "API_AcelerometroGiroscopio" */;
			buildPhases = (
				7ED3E284195D3E1D0065C7F3 /* Sources */,
				7ED3E285195D3E1D0065C7F3 /* Frameworks */,
				7ED3E286195D3E1D0065C7F3 /* Resources */,
			);
			buildRules = (
			);
			dependencies = (
			);
			name = API_AcelerometroGiroscopio;
			productName = API_AcelerometroGiroscopio;
			productReference = 7ED3E288195D3E1D0065C7F3 /* API_AcelerometroGiroscopio.app */;
			productType = "com.apple.product-type.application";
		};
		7ED3E2A2195D3E1E0065C7F3 /* API_AcelerometroGiroscopioTests */ = {
			isa = PBXNativeTarget;
			buildConfigurationList = 7ED3E2B7195D3E1E0065C7F3 /* Build configuration list for PBXNativeTarget "API_AcelerometroGiroscopioTests" */;
			buildPhases = (
				7ED3E29F195D3E1E0065C7F3 /* Sources */,
				7ED3E2A0195D3E1E0065C7F3 /* Frameworks */,
				7ED3E2A1195D3E1E0065C7F3 /* Resources */,
			);
			buildRules = (
			);
			dependencies = (
				7ED3E2A9195D3E1E0065C7F3 /* PBXTargetDependency */,
			);
			name = API_AcelerometroGiroscopioTests;
			productName = API_AcelerometroGiroscopioTests;
			productReference = 7ED3E2A3195D3E1E0065C7F3 /* API_AcelerometroGiroscopioTests.xctest */;
			productType = "com.apple.product-type.bundle.unit-test";
		};
/* End PBXNativeTarget section */

/* Begin PBXProject section */
		7ED3E280195D3E1C0065C7F3 /* Project object */ = {
			isa = PBXProject;
			attributes = {
				CLASSPREFIX = FirstApp;
				LastUpgradeCheck = 0510;
				ORGANIZATIONNAME = Ufscar;
				TargetAttributes = {
					7ED3E2A2195D3E1E0065C7F3 = {
						TestTargetID = 7ED3E287195D3E1D0065C7F3;
					};
				};
			};
			buildConfigurationList = 7ED3E283195D3E1C0065C7F3 /* Build configuration list for PBXProject "API_AcelerometroGiroscopio" */;
			compatibilityVersion = "Xcode 3.2";
			developmentRegion = English;
			hasScannedForEncodings = 0;
			knownRegions = (
				en,
			);
			mainGroup = 7ED3E27F195D3E1C0065C7F3;
			productRefGroup = 7ED3E289195D3E1D0065C7F3 /* Products */;
			projectDirPath = "";
			projectRoot = "";
			targets = (
				7ED3E287195D3E1D0065C7F3 /* API_AcelerometroGiroscopio */,
				7ED3E2A2195D3E1E0065C7F3 /* API_AcelerometroGiroscopioTests */,
			);
		};
/* End PBXProject section */

/* Begin PBXResourcesBuildPhase section */
		7ED3E286195D3E1D0065C7F3 /* Resources */ = {
			isa = PBXResourcesBuildPhase;
			buildActionMask = 2147483647;
			files = (
				7ED3E2BE195D3E3F0065C7F3 /* ApiAcelerometroGiroscopioViewController.xib in Resources */,
				7ED3E296195D3E1D0065C7F3 /* InfoPlist.strings in Resources */,
				7ED3E29E195D3E1D0065C7F3 /* Images.xcassets in Resources */,
			);
			runOnlyForDeploymentPostprocessing = 0;
		};
		7ED3E2A1195D3E1E0065C7F3 /* Resources */ = {
			isa = PBXResourcesBuildPhase;
			buildActionMask = 2147483647;
			files = (
				7ED3E2AF195D3E1E0065C7F3 /* InfoPlist.strings in Resources */,
			);
			runOnlyForDeploymentPostprocessing = 0;
		};
/* End PBXResourcesBuildPhase section */

/* Begin PBXSourcesBuildPhase section */
		7ED3E284195D3E1D0065C7F3 /* Sources */ = {
			isa = PBXSourcesBuildPhase;
			buildActionMask = 2147483647;
			files = (
				7ED3E2BD195D3E3F0065C7F3 /* ApiAcelerometroGiroscopioViewController.m in Sources */,
				7ED3E298195D3E1D0065C7F3 /* main.m in Sources */,
				7ED3E29C195D3E1D0065C7F3 /* FirstAppAppDelegate.m in Sources */,
			);
			runOnlyForDeploymentPostprocessing = 0;
		};
		7ED3E29F195D3E1E0065C7F3 /* Sources */ = {
			isa = PBXSourcesBuildPhase;
			buildActionMask = 2147483647;
			files = (
				7ED3E2B1195D3E1E0065C7F3 /* API_AcelerometroGiroscopioTests.m in Sources */,
			);
			runOnlyForDeploymentPostprocessing = 0;
		};
/* End PBXSourcesBuildPhase section */

/* Begin PBXTargetDependency section */
		7ED3E2A9195D3E1E0065C7F3 /* PBXTargetDependency */ = {
			isa = PBXTargetDependency;
			target = 7ED3E287195D3E1D0065C7F3 /* API_AcelerometroGiroscopio */;
			targetProxy = 7ED3E2A8195D3E1E0065C7F3 /* PBXContainerItemProxy */;
		};
/* End PBXTargetDependency section */

/* Begin PBXVariantGroup section */
		7ED3E294195D3E1D0065C7F3 /* InfoPlist.strings */ = {
			isa = PBXVariantGroup;
			children = (
				7ED3E295195D3E1D0065C7F3 /* en */,
			);
			name = InfoPlist.strings;
			sourceTree = "<group>";
		};
		7ED3E2AD195D3E1E0065C7F3 /* InfoPlist.strings */ = {
			isa = PBXVariantGroup;
			children = (
				7ED3E2AE195D3E1E0065C7F3 /* en */,
			);
			name = InfoPlist.strings;
			sourceTree = "<group>";
		};
/* End PBXVariantGroup section */

/* Begin XCBuildConfiguration section */
		7ED3E2B2195D3E1E0065C7F3 /* Debug */ = {
			isa = XCBuildConfiguration;
			buildSettings = {
				ALWAYS_SEARCH_USER_PATHS = NO;
				CLANG_CXX_LANGUAGE_STANDARD = "gnu++0x";
				CLANG_CXX_LIBRARY = "libc++";
				CLANG_ENABLE_MODULES = YES;
				CLANG_ENABLE_OBJC_ARC = YES;
				CLANG_WARN_BOOL_CONVERSION = YES;
				CLANG_WARN_CONSTANT_CONVERSION = YES;
				CLANG_WARN_DIRECT_OBJC_ISA_USAGE = YES_ERROR;
				CLANG_WARN_EMPTY_BODY = YES;
				CLANG_WARN_ENUM_CONVERSION = YES;
				CLANG_WARN_INT_CONVERSION = YES;
				CLANG_WARN_OBJC_ROOT_CLASS = YES_ERROR;
				CLANG_WARN__DUPLICATE_METHOD_MATCH = YES;
				"CODE_SIGN_IDENTITY[sdk=iphoneos*]" = "iPhone Developer";
				COPY_PHASE_STRIP = NO;
				GCC_C_LANGUAGE_STANDARD = gnu99;
				GCC_DYNAMIC_NO_PIC = NO;
				GCC_OPTIMIZATION_LEVEL = 0;
				GCC_PREPROCESSOR_DEFINITIONS = (
					"DEBUG=1",
					"$(inherited)",
				);
				GCC_SYMBOLS_PRIVATE_EXTERN = NO;
				GCC_WARN_64_TO_32_BIT_CONVERSION = YES;
				GCC_WARN_ABOUT_RETURN_TYPE = YES_ERROR;
				GCC_WARN_UNDECLARED_SELECTOR = YES;
				GCC_WARN_UNINITIALIZED_AUTOS = YES_AGGRESSIVE;
				GCC_WARN_UNUSED_FUNCTION = YES;
				GCC_WARN_UNUSED_VARIABLE = YES;
				IPHONEOS_DEPLOYMENT_TARGET = 7.1;
				ONLY_ACTIVE_ARCH = YES;
				SDKROOT = iphoneos;
			};
			name = Debug;
		};
		7ED3E2B3195D3E1E0065C7F3 /* Release */ = {
			isa = XCBuildConfiguration;
			buildSettings = {
				ALWAYS_SEARCH_USER_PATHS = NO;
				CLANG_CXX_LANGUAGE_STANDARD = "gnu++0x";
				CLANG_CXX_LIBRARY = "libc++";
				CLANG_ENABLE_MODULES = YES;
				CLANG_ENABLE_OBJC_ARC = YES;
				CLANG_WARN_BOOL_CONVERSION = YES;
				CLANG_WARN_CONSTANT_CONVERSION = YES;
				CLANG_WARN_DIRECT_OBJC_ISA_USAGE = YES_ERROR;
				CLANG_WARN_EMPTY_BODY = YES;
				CLANG_WARN_ENUM_CONVERSION = YES;
				CLANG_WARN_INT_CONVERSION = YES;
				CLANG_WARN_OBJC_ROOT_CLASS = YES_ERROR;
				CLANG_WARN__DUPLICATE_METHOD_MATCH = YES;
				"CODE_SIGN_IDENTITY[sdk=iphoneos*]" = "iPhone Developer";
				COPY_PHASE_STRIP = YES;
				ENABLE_NS_ASSERTIONS = NO;
				GCC_C_LANGUAGE_STANDARD = gnu99;
				GCC_WARN_64_TO_32_BIT_CONVERSION = YES;
				GCC_WARN_ABOUT_RETURN_TYPE = YES_ERROR;
				GCC_WARN_UNDECLARED_SELECTOR = YES;
				GCC_WARN_UNINITIALIZED_AUTOS = YES_AGGRESSIVE;
				GCC_WARN_UNUSED_FUNCTION = YES;
				GCC_WARN_UNUSED_VARIABLE = YES;
				IPHONEOS_DEPLOYMENT_TARGET = 7.1;
				SDKROOT = iphoneos;
				VALIDATE_PRODUCT = YES;
			};
			name = Release;
		};
		7ED3E2B5195D3E1E0065C7F3 /* Debug */ = {
			isa = XCBuildConfiguration;
			buildSettings = {
				ASSETCATALOG_COMPILER_APPICON_NAME = AppIcon;
				ASSETCATALOG_COMPILER_LAUNCHIMAGE_NAME = LaunchImage;
				GCC_PRECOMPILE_PREFIX_HEADER = YES;
				GCC_PREFIX_HEADER = "API_AcelerometroGiroscopio/API_AcelerometroGiroscopio-Prefix.pch";
				INFOPLIST_FILE = "API_AcelerometroGiroscopio/API_AcelerometroGiroscopio-Info.plist";
				PRODUCT_NAME = "$(TARGET_NAME)";
				WRAPPER_EXTENSION = app;
			};
			name = Debug;
		};
		7ED3E2B6195D3E1E0065C7F3 /* Release */ = {
			isa = XCBuildConfiguration;
			buildSettings = {
				ASSETCATALOG_COMPILER_APPICON_NAME = AppIcon;
				ASSETCATALOG_COMPILER_LAUNCHIMAGE_NAME = LaunchImage;
				GCC_PRECOMPILE_PREFIX_HEADER = YES;
				GCC_PREFIX_HEADER = "API_AcelerometroGiroscopio/API_AcelerometroGiroscopio-Prefix.pch";
				INFOPLIST_FILE = "API_AcelerometroGiroscopio/API_AcelerometroGiroscopio-Info.plist";
				PRODUCT_NAME = "$(TARGET_NAME)";
				WRAPPER_EXTENSION = app;
			};
			name = Release;
		};
		7ED3E2B8195D3E1E0065C7F3 /* Debug */ = {
			isa = XCBuildConfiguration;
			buildSettings = {
				BUNDLE_LOADER = "$(BUILT_PRODUCTS_DIR)/API_AcelerometroGiroscopio.app/API_AcelerometroGiroscopio";
				FRAMEWORK_SEARCH_PATHS = (
					"$(SDKROOT)/Developer/Library/Frameworks",
					"$(inherited)",
					"$(DEVELOPER_FRAMEWORKS_DIR)",
				);
				GCC_PRECOMPILE_PREFIX_HEADER = YES;
				GCC_PREFIX_HEADER = "API_AcelerometroGiroscopio/API_AcelerometroGiroscopio-Prefix.pch";
				GCC_PREPROCESSOR_DEFINITIONS = (
					"DEBUG=1",
					"$(inherited)",
				);
				INFOPLIST_FILE = "API_AcelerometroGiroscopioTests/API_AcelerometroGiroscopioTests-Info.plist";
				PRODUCT_NAME = "$(TARGET_NAME)";
				TEST_HOST = "$(BUNDLE_LOADER)";
				WRAPPER_EXTENSION = xctest;
			};
			name = Debug;
		};
		7ED3E2B9195D3E1E0065C7F3 /* Release */ = {
			isa = XCBuildConfiguration;
			buildSettings = {
				BUNDLE_LOADER = "$(BUILT_PRODUCTS_DIR)/API_AcelerometroGiroscopio.app/API_AcelerometroGiroscopio";
				FRAMEWORK_SEARCH_PATHS = (
					"$(SDKROOT)/Developer/Library/Frameworks",
					"$(inherited)",
					"$(DEVELOPER_FRAMEWORKS_DIR)",
				);
				GCC_PRECOMPILE_PREFIX_HEADER = YES;
				GCC_PREFIX_HEADER = "API_AcelerometroGiroscopio/API_AcelerometroGiroscopio-Prefix.pch";
				INFOPLIST_FILE = "API_AcelerometroGiroscopioTests/API_AcelerometroGiroscopioTests-Info.plist";
				PRODUCT_NAME = "$(TARGET_NAME)";
				TEST_HOST = "$(BUNDLE_LOADER)";
				WRAPPER_EXTENSION = xctest;
			};
			name = Release;
		};
/* End XCBuildConfiguration section */

/* Begin XCConfigurationList section */
		7ED3E283195D3E1C0065C7F3 /* Build configuration list for PBXProject "API_AcelerometroGiroscopio" */ = {
			isa = XCConfigurationList;
			buildConfigurations = (
				7ED3E2B2195D3E1E0065C7F3 /* Debug */,
				7ED3E2B3195D3E1E0065C7F3 /* Release */,
			);
			defaultConfigurationIsVisible = 0;
			defaultConfigurationName = Release;
		};
		7ED3E2B4195D3E1E0065C7F3 /* Build configuration list for PBXNativeTarget "API_AcelerometroGiroscopio" */ = {
			isa = XCConfigurationList;
			buildConfigurations = (
				7ED3E2B5195D3E1E0065C7F3 /* Debug */,
				7ED3E2B6195D3E1E0065C7F3 /* Release */,
			);
			defaultConfigurationIsVisible = 0;
		};
		7ED3E2B7195D3E1E0065C7F3 /* Build configuration list for PBXNativeTarget "API_AcelerometroGiroscopioTests" */ = {
			isa = XCConfigurationList;
			buildConfigurations = (
				7ED3E2B8195D3E1E0065C7F3 /* Debug */,
				7ED3E2B9195D3E1E0065C7F3 /* Release */,
			);
			defaultConfigurationIsVisible = 0;
		};
/* End XCConfigurationList section */
	};
	rootObject = 7ED3E280195D3E1C0065C7F3 /* Project object */;
}
